# This file is automatically @generated by Cargo.
# It is not intended for manual editing.
version = 4

[[package]]
name = "Rainier"
version = "0.1.0"
dependencies = [
 "anyhow",
 "log",
]

[[package]]
name = "anyhow"
version = "1.0.99"
source = "registry+https://github.com/rust-lang/crates.io-index"
checksum = "b0674a1ddeecb70197781e945de4b3b8ffb61fa939a5597bcf48503737663100"

[[package]]
name = "log"
version = "0.4.28"
source = "registry+https://github.com/rust-lang/crates.io-index"
checksum = "34080505efa8e45a4b816c349525ebe327ceaa8559756f0356cba97ef3bf7432"
